
Microsoft Visual Studio Solution File, Format Version 12.00
# Visual Studio 14
VisualStudioVersion = 14.0.22823.1
MinimumVisualStudioVersion = 10.0.40219.1
Project("{FAE04EC0-301F-11D3-BF4B-00C04F79EFBC}") = "DomainProDesigner", "Designer\DomainProDesigner.csproj", "{35434955-1B9B-4F0E-90D8-C7558B2F59E8}"
EndProject
Project("{FAE04EC0-301F-11D3-BF4B-00C04F79EFBC}") = "DomainProAnalyst", "Analyst\DomainProAnalyst.csproj", "{0860919F-7A4B-4E2B-A96A-0944CFC49349}"
EndProject
Project("{FAE04EC0-301F-11D3-BF4B-00C04F79EFBC}") = "LanguageBuilder", "LanguageBuilder\LanguageBuilder.csproj", "{96E28117-88FB-464B-8CF9-84E78D92729E}"
EndProject
Project("{FAE04EC0-301F-11D3-BF4B-00C04F79EFBC}") = "DomainProCore", "Core\DomainProCore.csproj", "{5A25E973-80CF-45DF-ABFC-66CA5C31C44A}"
EndProject
Project("{FAE04EC0-301F-11D3-BF4B-00C04F79EFBC}") = "SimulationTest", "SimulationTest\SimulationTest.csproj", "{C4C4C9C7-0C2A-49A0-A4FD-E1283EBA6D13}"
EndProject
Project("{FAE04EC0-301F-11D3-BF4B-00C04F79EFBC}") = "CloudController", "CloudController\CloudController.csproj", "{5D4FF1E0-3C7F-4822-9DCA-44AEE1541835}"
EndProject
Project("{FAE04EC0-301F-11D3-BF4B-00C04F79EFBC}") = "SimulationService", "SimulationService\SimulationService.csproj", "{ABC8C097-5424-488D-A238-65705D2427A0}"
EndProject
Global
	GlobalSection(SolutionConfigurationPlatforms) = preSolution
		Debug|Any CPU = Debug|Any CPU
		Release|Any CPU = Release|Any CPU
	EndGlobalSection
	GlobalSection(ProjectConfigurationPlatforms) = postSolution
		{35434955-1B9B-4F0E-90D8-C7558B2F59E8}.Debug|Any CPU.ActiveCfg = Debug|Any CPU
		{35434955-1B9B-4F0E-90D8-C7558B2F59E8}.Release|Any CPU.ActiveCfg = Release|Any CPU
		{35434955-1B9B-4F0E-90D8-C7558B2F59E8}.Release|Any CPU.Build.0 = Release|Any CPU
		{0860919F-7A4B-4E2B-A96A-0944CFC49349}.Debug|Any CPU.ActiveCfg = Debug|Any CPU
		{0860919F-7A4B-4E2B-A96A-0944CFC49349}.Debug|Any CPU.Build.0 = Debug|Any CPU
		{0860919F-7A4B-4E2B-A96A-0944CFC49349}.Release|Any CPU.ActiveCfg = Release|Any CPU
		{0860919F-7A4B-4E2B-A96A-0944CFC49349}.Release|Any CPU.Build.0 = Release|Any CPU
		{96E28117-88FB-464B-8CF9-84E78D92729E}.Debug|Any CPU.ActiveCfg = Debug|Any CPU
		{96E28117-88FB-464B-8CF9-84E78D92729E}.Release|Any CPU.ActiveCfg = Release|Any CPU
		{96E28117-88FB-464B-8CF9-84E78D92729E}.Release|Any CPU.Build.0 = Release|Any CPU
		{5A25E973-80CF-45DF-ABFC-66CA5C31C44A}.Debug|Any CPU.ActiveCfg = Debug|Any CPU
		{5A25E973-80CF-45DF-ABFC-66CA5C31C44A}.Release|Any CPU.ActiveCfg = Release|Any CPU
		{5A25E973-80CF-45DF-ABFC-66CA5C31C44A}.Release|Any CPU.Build.0 = Release|Any CPU
		{C4C4C9C7-0C2A-49A0-A4FD-E1283EBA6D13}.Debug|Any CPU.ActiveCfg = Debug|Any CPU
		{C4C4C9C7-0C2A-49A0-A4FD-E1283EBA6D13}.Debug|Any CPU.Build.0 = Debug|Any CPU
		{C4C4C9C7-0C2A-49A0-A4FD-E1283EBA6D13}.Release|Any CPU.ActiveCfg = Release|Any CPU
		{C4C4C9C7-0C2A-49A0-A4FD-E1283EBA6D13}.Release|Any CPU.Build.0 = Release|Any CPU
		{5D4FF1E0-3C7F-4822-9DCA-44AEE1541835}.Debug|Any CPU.ActiveCfg = Debug|Any CPU
		{5D4FF1E0-3C7F-4822-9DCA-44AEE1541835}.Debug|Any CPU.Build.0 = Debug|Any CPU
		{5D4FF1E0-3C7F-4822-9DCA-44AEE1541835}.Release|Any CPU.ActiveCfg = Release|Any CPU
		{5D4FF1E0-3C7F-4822-9DCA-44AEE1541835}.Release|Any CPU.Build.0 = Release|Any CPU
		{ABC8C097-5424-488D-A238-65705D2427A0}.Debug|Any CPU.ActiveCfg = Debug|Any CPU
		{ABC8C097-5424-488D-A238-65705D2427A0}.Debug|Any CPU.Build.0 = Debug|Any CPU
		{ABC8C097-5424-488D-A238-65705D2427A0}.Release|Any CPU.ActiveCfg = Release|Any CPU
		{ABC8C097-5424-488D-A238-65705D2427A0}.Release|Any CPU.Build.0 = Release|Any CPU
	EndGlobalSection
	GlobalSection(SolutionProperties) = preSolution
		HideSolutionNode = FALSE
	EndGlobalSection
	GlobalSection(TeamFoundationVersionControl) = preSolution
		SccNumberOfProjects = 8
		SccEnterpriseProvider = {4CA58AB2-18FA-4F8D-95D4-32DDF27D184C}
		SccTeamFoundationServer = https://arman.visualstudio.com/defaultcollection
		SccLocalPath0 = .
		SccProjectUniqueName1 = Analyst\\DomainProAnalyst.csproj
		SccProjectName1 = Analyst
		SccLocalPath1 = Analyst
		SccProjectUniqueName2 = CloudController\\CloudController.csproj
		SccProjectName2 = CloudController
		SccLocalPath2 = CloudController
		SccProjectUniqueName3 = Core\\DomainProCore.csproj
		SccProjectName3 = Core
		SccLocalPath3 = Core
		SccProjectUniqueName4 = Designer\\DomainProDesigner.csproj
		SccProjectName4 = Designer
		SccLocalPath4 = Designer
		SccProjectUniqueName5 = LanguageBuilder\\LanguageBuilder.csproj
		SccProjectName5 = LanguageBuilder
		SccLocalPath5 = LanguageBuilder
		SccProjectUniqueName6 = SimulationService\\SimulationService.csproj
		SccProjectName6 = SimulationService
		SccLocalPath6 = SimulationService
		SccProjectUniqueName7 = SimulationTest\\SimulationTest.csproj
		SccProjectName7 = SimulationTest
		SccLocalPath7 = SimulationTest
	EndGlobalSection
EndGlobal
